dependencies:
- name: nextgen-ce
  repository: file://nextgen-ce
  version: 0.1.15
- name: event-service
  repository: file://event-service
  version: 0.1.4
- name: anomaly-detection
  repository: file://anomaly-detection
  version: 0.1.8
- name: cloud-info
  repository: file://cloud-info
  version: 0.1.13
- name: telescopes
  repository: file://telescopes
  version: 0.1.12
- name: batch-processing
  repository: file://batch-processing
  version: 0.1.10
- name: lwd-faktory
  repository: file://lightwingFaktory
  version: 0.1.6
- name: lwd
  repository: file://lightwingAPI
  version: 0.1.6
- name: lwd-worker
  repository: file://lightwingFaktoryWorker
  version: 0.1.3
- name: lwd-autocud
  repository: file://lightwingAutocud
  version: 0.1.1
- name: clickhouse
  repository: https://charts.bitnami.com/bitnami
  version: 2.1.0
digest: sha256:bc0f9e256f8644b7e56a25889bcd8e9e8e2e17bbb63af4752ad1e2617c85fbb4
generated: "2022-12-15T11:42:56.806715+05:30"
