dependencies:
- name: nextgen-ce
  repository: file://../nextgen-ce
  version: 0.2.0
- name: event-service
  repository: file://../event-service
  version: 0.2.0
- name: anomaly-detection
  repository: file://../anomaly-detection
  version: 0.2.0
- name: cloud-info
  repository: file://../cloud-info
  version: 0.2.0
- name: telescopes
  repository: file://../telescopes
  version: 0.2.0
- name: batch-processing
  repository: file://../batch-processing
  version: 0.2.0
- name: ng-ce-ui
  repository: file://../ng-ce-ui
  version: 0.2.0
- name: clickhouse
  repository: https://charts.bitnami.com/bitnami
  version: 2.1.0
- name: lwd-faktory
  repository: file://../lightwingFaktory
  version: 0.2.1
- name: lwd
  repository: file://../lightwingAPI
  version: 0.2.1
- name: lwd-worker
  repository: file://../lightwingFaktoryWorker
  version: 0.2.0
- name: lwd-autocud
  repository: file://../lightwingAutocud
  version: 0.2.1
digest: sha256:537e153b02130f5ca674dc360be91faf2eace2f10a4a49c46c89d9e9da7cdb37
generated: "2023-03-14T17:39:53.7857+05:30"
