dependencies:
- name: nextgen-ce
  repository: file://nextgen-ce
  version: 0.1.15
- name: event-service
  repository: file://event-service
  version: 0.1.4
- name: anomaly-detection
  repository: file://anomaly-detection
  version: 0.1.8
- name: cloud-info
  repository: file://cloud-info
  version: 0.1.13
- name: telescopes
  repository: file://telescopes
  version: 0.1.12
- name: batch-processing
  repository: file://batch-processing
  version: 0.1.9
- name: lwd-faktory
  repository: file://lightwingFaktory
  version: 0.1.6
- name: lwd
  repository: file://lightwingAPI
  version: 0.1.6
- name: lwd-worker
  repository: file://lightwingFaktoryWorker
  version: 0.1.3
- name: lwd-autocud
  repository: file://lightwingAutocud
  version: 0.1.1
digest: sha256:d1a66b4a9b589b2803e63fabe7d8c853783d6a866bd27a76377fff8a7e095c6e
generated: "2022-12-14T12:05:30.988884+05:30"
