dependencies:
- name: harness-common
  repository: https://harness.github.io/helm-common
  version: 1.0.22
- name: common
  repository: https://charts.bitnami.com/bitnami
  version: 2.4.0
digest: sha256:83435ae683edd46a456c21a03081b4f6a71db709c0c6fc29dede7babe8a99316
generated: "2023-06-12T12:44:34.766901+05:30"
