dependencies:
- name: harness-common
  repository: https://harness.github.io/helm-common
  version: 1.0.27
- name: common
  repository: https://charts.bitnami.com/bitnami
  version: 2.6.0
digest: sha256:b4fcfbf575f9b1f34d60f87e6471954f019428bf0db82e1affbb681e1c052ec1
generated: "2023-07-28T12:36:10.259743+05:30"
