dependencies:
- name: harness-common
  repository: https://harness.github.io/helm-common
  version: 1.0.29
- name: common
  repository: https://charts.bitnami.com/bitnami
  version: 2.11.0
digest: sha256:4b8fad446053c553eb60deb4ab01d08514ec38d81a0ea45683bd329af80c0260
generated: "2023-09-15T11:26:36.885123+05:30"
