dependencies:
- name: harness-common
  repository: https://harness.github.io/helm-common
  version: 1.0.29
- name: common
  repository: https://charts.bitnami.com/bitnami
  version: 2.11.1
digest: sha256:328e2f5c8154daa796c2139714dbd9b5c865bea6d223d7e40917cdbdec7bde34
generated: "2023-09-18T17:09:38.383256-07:00"
