dependencies:
- name: harness-common
  repository: https://harness.github.io/helm-common
  version: 1.0.5
- name: common
  repository: https://charts.bitnami.com/bitnami
  version: 2.2.2
digest: sha256:9d9cd9a465161ce8d74e24b79c558025a38abf9c504acf394da5c90774d8cf15
generated: "2023-01-03T17:31:20.414492+05:30"
