dependencies:
- name: harness-common
  repository: https://harness.github.io/helm-common
  version: 1.0.23
- name: common
  repository: https://charts.bitnami.com/bitnami
  version: 2.4.0
digest: sha256:c2f55c9ca82c3e3a786f4cc7df40a1a1625474061ab7dd096fbcd6175b15e771
generated: "2023-06-20T13:03:27.106467+05:30"
