dependencies:
- name: harness-common
  repository: https://harness.github.io/helm-common
  version: 1.0.6
- name: common
  repository: https://charts.bitnami.com/bitnami
  version: 2.2.3
digest: sha256:fd53dc388d750441b88c8331c8dbd9e036b8a72a640cc6a362c2579957786d71
generated: "2023-03-02T17:04:11.471142+05:30"
